{
  "nodes": {
    "nixpkgs": {
      "locked": {
        "lastModified": 1719468428,
        "narHash": "sha256-vN5xJAZ4UGREEglh3lfbbkIj+MPEYMuqewMn4atZFaQ=",
        "owner": "NixOS",
        "repo": "nixpkgs",
        "rev": "1e3deb3d8a86a870d925760db1a5adecc64d329d",
        "type": "github"
      },
      "original": {
        "owner": "NixOS",
        "ref": "nixpkgs-unstable",
        "repo": "nixpkgs",
        "type": "github"
      }
    },
    "root": {
      "inputs": {
        "nixpkgs": "nixpkgs",
        "zmk-nix": "zmk-nix"
      }
    },
    "zmk-nix": {
      "inputs": {
        "nixpkgs": [
          "nixpkgs"
        ]
      },
      "locked": {
        "lastModified": 1719706295,
        "narHash": "sha256-LdNxl/UqKaU5LZp1zc2logVeYqR0/OeUEF2fjSwpw+A=",
        "owner": "lilyinstarlight",
        "repo": "zmk-nix",
        "rev": "6795fe56add7091d6e318399fb4b2e6d46d50f13",
        "type": "github"
      },
      "original": {
        "owner": "lilyinstarlight",
        "repo": "zmk-nix",
        "type": "github"
      }
    }
  },
  "root": "root",
  "version": 7
}
