{
  "nodes": {
    "nixpkgs": {
      "locked": {
        "lastModified": 1713968665,
        "narHash": "sha256-kiNvy1g5tyC6ZItTbPmFUnSug4t/I4bLne9OdKnd4sM=",
        "owner": "NixOS",
        "repo": "nixpkgs",
        "rev": "a0cadba85e907b8e2d6ae549d25535da3b1b6d5e",
        "type": "github"
      },
      "original": {
        "owner": "NixOS",
        "ref": "nixpkgs-unstable",
        "repo": "nixpkgs",
        "type": "github"
      }
    },
    "root": {
      "inputs": {
        "nixpkgs": "nixpkgs",
        "zmk-nix": "zmk-nix"
      }
    },
    "zmk-nix": {
      "inputs": {
        "nixpkgs": [
          "nixpkgs"
        ]
      },
      "locked": {
        "lastModified": 1713659352,
        "narHash": "sha256-oyhYpWbkXpQYRhBDQnqPfZkSrhn0ZwHh8uo5Pz+pgLE=",
        "owner": "lilyinstarlight",
        "repo": "zmk-nix",
        "rev": "ed74f5ab581e78e5d8af48bbd822068cdb8ee5fb",
        "type": "github"
      },
      "original": {
        "owner": "lilyinstarlight",
        "repo": "zmk-nix",
        "type": "github"
      }
    }
  },
  "root": "root",
  "version": 7
}
